
Microsoft Visual Studio Solution File, Format Version 12.00
# Visual Studio 15
VisualStudioVersion = 15.0.27004.2010
MinimumVisualStudioVersion = 10.0.40219.1
Project("{FAE04EC0-301F-11D3-BF4B-00C04F79EFBC}") = "OneOff.Web.MVC", "OneOff.Web.MVC\OneOff.Web.MVC.csproj", "{1F777795-3C7B-44FD-A40E-C3E8EE0204A1}"
EndProject
Project("{FAE04EC0-301F-11D3-BF4B-00C04F79EFBC}") = "OneOff.Data", "OneOff.Data\OneOff.Data.csproj", "{967796FE-3272-46E4-A9AC-355482AA4C4B}"
EndProject
Project("{FAE04EC0-301F-11D3-BF4B-00C04F79EFBC}") = "OneOff.Models", "OneOff.Models\OneOff.Models.csproj", "{184E472C-7B29-41FC-8ADA-224175A57312}"
EndProject
Project("{FAE04EC0-301F-11D3-BF4B-00C04F79EFBC}") = "OneOff.Services", "OneOff.Services\OneOff.Services.csproj", "{5B8E9EE7-4D5B-469F-8B11-F63A381D709F}"
EndProject
Global
	GlobalSection(SolutionConfigurationPlatforms) = preSolution
		Debug|Any CPU = Debug|Any CPU
		Release|Any CPU = Release|Any CPU
	EndGlobalSection
	GlobalSection(ProjectConfigurationPlatforms) = postSolution
		{1F777795-3C7B-44FD-A40E-C3E8EE0204A1}.Debug|Any CPU.ActiveCfg = Debug|Any CPU
		{1F777795-3C7B-44FD-A40E-C3E8EE0204A1}.Debug|Any CPU.Build.0 = Debug|Any CPU
		{1F777795-3C7B-44FD-A40E-C3E8EE0204A1}.Release|Any CPU.ActiveCfg = Release|Any CPU
		{1F777795-3C7B-44FD-A40E-C3E8EE0204A1}.Release|Any CPU.Build.0 = Release|Any CPU
		{967796FE-3272-46E4-A9AC-355482AA4C4B}.Debug|Any CPU.ActiveCfg = Debug|Any CPU
		{967796FE-3272-46E4-A9AC-355482AA4C4B}.Debug|Any CPU.Build.0 = Debug|Any CPU
		{967796FE-3272-46E4-A9AC-355482AA4C4B}.Release|Any CPU.ActiveCfg = Release|Any CPU
		{967796FE-3272-46E4-A9AC-355482AA4C4B}.Release|Any CPU.Build.0 = Release|Any CPU
		{184E472C-7B29-41FC-8ADA-224175A57312}.Debug|Any CPU.ActiveCfg = Debug|Any CPU
		{184E472C-7B29-41FC-8ADA-224175A57312}.Debug|Any CPU.Build.0 = Debug|Any CPU
		{184E472C-7B29-41FC-8ADA-224175A57312}.Release|Any CPU.ActiveCfg = Release|Any CPU
		{184E472C-7B29-41FC-8ADA-224175A57312}.Release|Any CPU.Build.0 = Release|Any CPU
		{5B8E9EE7-4D5B-469F-8B11-F63A381D709F}.Debug|Any CPU.ActiveCfg = Debug|Any CPU
		{5B8E9EE7-4D5B-469F-8B11-F63A381D709F}.Debug|Any CPU.Build.0 = Debug|Any CPU
		{5B8E9EE7-4D5B-469F-8B11-F63A381D709F}.Release|Any CPU.ActiveCfg = Release|Any CPU
		{5B8E9EE7-4D5B-469F-8B11-F63A381D709F}.Release|Any CPU.Build.0 = Release|Any CPU
	EndGlobalSection
	GlobalSection(SolutionProperties) = preSolution
		HideSolutionNode = FALSE
	EndGlobalSection
	GlobalSection(ExtensibilityGlobals) = postSolution
		SolutionGuid = {F5986DA3-C21F-4877-AA34-43DCAD47BFBA}
	EndGlobalSection
EndGlobal
